
Microsoft Visual Studio Solution File, Format Version 12.00
# Visual Studio Version 17
VisualStudioVersion = 17.4.33205.214
MinimumVisualStudioVersion = 10.0.40219.1
Project("{9A19103F-16F7-4668-BE54-9A1E7A4F7556}") = "OOP_ ASSIGNMENT", "OOP_ ASSIGNMENT\OOP_ ASSIGNMENT.csproj", "{055321A9-BD22-4048-B7C9-0841C23FCB6A}"
EndProject
Project("{FAE04EC0-301F-11D3-BF4B-00C04F79EFBC}") = "BIZ", "BIZ\BIZ.csproj", "{7277806C-E635-43E5-91F7-9BBDC4038840}"
EndProject
Project("{FAE04EC0-301F-11D3-BF4B-00C04F79EFBC}") = "DAL", "DAL\DAL.csproj", "{51535A2C-F6DC-4CE8-BE51-9AD2C80EB7CC}"
EndProject
Global
	GlobalSection(SolutionConfigurationPlatforms) = preSolution
		Debug|Any CPU = Debug|Any CPU
		Release|Any CPU = Release|Any CPU
	EndGlobalSection
	GlobalSection(ProjectConfigurationPlatforms) = postSolution
		{055321A9-BD22-4048-B7C9-0841C23FCB6A}.Debug|Any CPU.ActiveCfg = Debug|Any CPU
		{055321A9-BD22-4048-B7C9-0841C23FCB6A}.Debug|Any CPU.Build.0 = Debug|Any CPU
		{055321A9-BD22-4048-B7C9-0841C23FCB6A}.Release|Any CPU.ActiveCfg = Release|Any CPU
		{055321A9-BD22-4048-B7C9-0841C23FCB6A}.Release|Any CPU.Build.0 = Release|Any CPU
		{7277806C-E635-43E5-91F7-9BBDC4038840}.Debug|Any CPU.ActiveCfg = Debug|Any CPU
		{7277806C-E635-43E5-91F7-9BBDC4038840}.Debug|Any CPU.Build.0 = Debug|Any CPU
		{7277806C-E635-43E5-91F7-9BBDC4038840}.Release|Any CPU.ActiveCfg = Release|Any CPU
		{7277806C-E635-43E5-91F7-9BBDC4038840}.Release|Any CPU.Build.0 = Release|Any CPU
		{51535A2C-F6DC-4CE8-BE51-9AD2C80EB7CC}.Debug|Any CPU.ActiveCfg = Debug|Any CPU
		{51535A2C-F6DC-4CE8-BE51-9AD2C80EB7CC}.Debug|Any CPU.Build.0 = Debug|Any CPU
		{51535A2C-F6DC-4CE8-BE51-9AD2C80EB7CC}.Release|Any CPU.ActiveCfg = Release|Any CPU
		{51535A2C-F6DC-4CE8-BE51-9AD2C80EB7CC}.Release|Any CPU.Build.0 = Release|Any CPU
	EndGlobalSection
	GlobalSection(SolutionProperties) = preSolution
		HideSolutionNode = FALSE
	EndGlobalSection
	GlobalSection(ExtensibilityGlobals) = postSolution
		SolutionGuid = {4F6EEB63-C5AB-47E0-8DC8-2B0B813FF3E4}
	EndGlobalSection
EndGlobal
